
Microsoft Visual Studio Solution File, Format Version 12.00
# Visual Studio Version 16
VisualStudioVersion = 16.0.30225.117
MinimumVisualStudioVersion = 10.0.40219.1
Project("{9A19103F-16F7-4668-BE54-9A1E7A4F7556}") = "Tests", "Tests\Tests.csproj", "{55A1941F-1539-41E7-ACC7-4C02EFC4FD9F}"
EndProject
Project("{9A19103F-16F7-4668-BE54-9A1E7A4F7556}") = "StanfordAlgsPart1", "StanfordAlgsPart1\StanfordAlgsPart1.csproj", "{7E5A71C2-051D-422B-873F-B6C321505974}"
EndProject
Project("{FAE04EC0-301F-11D3-BF4B-00C04F79EFBC}") = "CLI", "CLI\CLI.csproj", "{7FB0CB98-1351-4AC3-B617-E7E71FCB1577}"
EndProject
Global
	GlobalSection(SolutionConfigurationPlatforms) = preSolution
		Debug|Any CPU = Debug|Any CPU
		Release|Any CPU = Release|Any CPU
	EndGlobalSection
	GlobalSection(ProjectConfigurationPlatforms) = postSolution
		{55A1941F-1539-41E7-ACC7-4C02EFC4FD9F}.Debug|Any CPU.ActiveCfg = Debug|Any CPU
		{55A1941F-1539-41E7-ACC7-4C02EFC4FD9F}.Debug|Any CPU.Build.0 = Debug|Any CPU
		{55A1941F-1539-41E7-ACC7-4C02EFC4FD9F}.Release|Any CPU.ActiveCfg = Release|Any CPU
		{55A1941F-1539-41E7-ACC7-4C02EFC4FD9F}.Release|Any CPU.Build.0 = Release|Any CPU
		{7E5A71C2-051D-422B-873F-B6C321505974}.Debug|Any CPU.ActiveCfg = Debug|Any CPU
		{7E5A71C2-051D-422B-873F-B6C321505974}.Debug|Any CPU.Build.0 = Debug|Any CPU
		{7E5A71C2-051D-422B-873F-B6C321505974}.Release|Any CPU.ActiveCfg = Release|Any CPU
		{7E5A71C2-051D-422B-873F-B6C321505974}.Release|Any CPU.Build.0 = Release|Any CPU
		{7FB0CB98-1351-4AC3-B617-E7E71FCB1577}.Debug|Any CPU.ActiveCfg = Debug|Any CPU
		{7FB0CB98-1351-4AC3-B617-E7E71FCB1577}.Debug|Any CPU.Build.0 = Debug|Any CPU
		{7FB0CB98-1351-4AC3-B617-E7E71FCB1577}.Release|Any CPU.ActiveCfg = Release|Any CPU
		{7FB0CB98-1351-4AC3-B617-E7E71FCB1577}.Release|Any CPU.Build.0 = Release|Any CPU
	EndGlobalSection
	GlobalSection(SolutionProperties) = preSolution
		HideSolutionNode = FALSE
	EndGlobalSection
	GlobalSection(ExtensibilityGlobals) = postSolution
		SolutionGuid = {747D975F-2AD5-4B38-891E-DF1580CEEE53}
	EndGlobalSection
EndGlobal
